
Microsoft Visual Studio Solution File, Format Version 12.00
# Visual Studio 15
VisualStudioVersion = 15.0.27703.2000
MinimumVisualStudioVersion = 10.0.40219.1
Project("{FAE04EC0-301F-11D3-BF4B-00C04F79EFBC}") = "FileSystemVisitorLib", "FileSystemVisitorLib\FileSystemVisitorLib.csproj", "{0DD88D04-16C9-4F3B-981C-CDC66F820DCE}"
EndProject
Project("{2150E333-8FDC-42A3-9474-1A3956D46DE8}") = "1 - Advanced C Sharp", "1 - Advanced C Sharp", "{95C26369-C869-400B-9373-1110A32BD709}"
EndProject
Project("{FAE04EC0-301F-11D3-BF4B-00C04F79EFBC}") = "FileSystemVisitorLibTests", "FileSystemVisitorLibTests\FileSystemVisitorLibTests.csproj", "{E8451C7E-DB84-42C6-B189-99208F9CDF94}"
EndProject
Project("{2150E333-8FDC-42A3-9474-1A3956D46DE8}") = "2 - Exception handling", "2 - Exception handling", "{FE2F8E2D-F7A3-47AD-87F9-C888C0CB59BC}"
EndProject
Project("{FAE04EC0-301F-11D3-BF4B-00C04F79EFBC}") = "FirstSymbol", "FirstSymbol\FirstSymbol.csproj", "{C60769C6-1096-4EB3-B493-885BA38F91BB}"
EndProject
Project("{FAE04EC0-301F-11D3-BF4B-00C04F79EFBC}") = "ConvertStringLib", "ConvertStringLib\ConvertStringLib.csproj", "{F2C5B828-AA97-4E0A-9448-F38BFDCC4E6E}"
EndProject
Project("{FAE04EC0-301F-11D3-BF4B-00C04F79EFBC}") = "ConvertStringLibTests", "ConvertStringLibTests\ConvertStringLibTests.csproj", "{6950F0B3-ED02-4D96-9464-2FD3D74593EB}"
EndProject
Project("{2150E333-8FDC-42A3-9474-1A3956D46DE8}") = "3 - LINQ", "3 - LINQ", "{357F2534-B0C3-475A-8F8D-CE9F2FE23C31}"
EndProject
Project("{FAE04EC0-301F-11D3-BF4B-00C04F79EFBC}") = "Task", "Task\Task.csproj", "{C770ED8F-6F5E-4DED-92C6-D5FE544DE764}"
EndProject
Project("{2150E333-8FDC-42A3-9474-1A3956D46DE8}") = "4 - BCL", "4 - BCL", "{9216336C-A639-4C26-859A-1C828B3500A8}"
EndProject
Project("{FAE04EC0-301F-11D3-BF4B-00C04F79EFBC}") = "FileService", "FileService\FileService.csproj", "{9BBFA1B4-E2B8-4C51-A67A-09FA691FCA43}"
EndProject
Project("{2150E333-8FDC-42A3-9474-1A3956D46DE8}") = "5 - Reflection", "5 - Reflection", "{F8D062CB-39E2-478D-A646-8606BDD9FA84}"
EndProject
Project("{FAE04EC0-301F-11D3-BF4B-00C04F79EFBC}") = "UltimateInjector", "UltimateInjector\UltimateInjector.csproj", "{B2A4194E-728E-422D-8C0B-6A5E356DEC53}"
EndProject
Project("{FAE04EC0-301F-11D3-BF4B-00C04F79EFBC}") = "UltimateInjectorTests", "UltimateInjectorTests\UltimateInjectorTests.csproj", "{886EA72E-DD48-43B4-9765-31D75178CA07}"
EndProject
Global
	GlobalSection(SolutionConfigurationPlatforms) = preSolution
		Debug|Any CPU = Debug|Any CPU
		Release|Any CPU = Release|Any CPU
	EndGlobalSection
	GlobalSection(ProjectConfigurationPlatforms) = postSolution
		{0DD88D04-16C9-4F3B-981C-CDC66F820DCE}.Debug|Any CPU.ActiveCfg = Debug|Any CPU
		{0DD88D04-16C9-4F3B-981C-CDC66F820DCE}.Debug|Any CPU.Build.0 = Debug|Any CPU
		{0DD88D04-16C9-4F3B-981C-CDC66F820DCE}.Release|Any CPU.ActiveCfg = Release|Any CPU
		{0DD88D04-16C9-4F3B-981C-CDC66F820DCE}.Release|Any CPU.Build.0 = Release|Any CPU
		{E8451C7E-DB84-42C6-B189-99208F9CDF94}.Debug|Any CPU.ActiveCfg = Debug|Any CPU
		{E8451C7E-DB84-42C6-B189-99208F9CDF94}.Debug|Any CPU.Build.0 = Debug|Any CPU
		{E8451C7E-DB84-42C6-B189-99208F9CDF94}.Release|Any CPU.ActiveCfg = Release|Any CPU
		{E8451C7E-DB84-42C6-B189-99208F9CDF94}.Release|Any CPU.Build.0 = Release|Any CPU
		{C60769C6-1096-4EB3-B493-885BA38F91BB}.Debug|Any CPU.ActiveCfg = Debug|Any CPU
		{C60769C6-1096-4EB3-B493-885BA38F91BB}.Debug|Any CPU.Build.0 = Debug|Any CPU
		{C60769C6-1096-4EB3-B493-885BA38F91BB}.Release|Any CPU.ActiveCfg = Release|Any CPU
		{C60769C6-1096-4EB3-B493-885BA38F91BB}.Release|Any CPU.Build.0 = Release|Any CPU
		{F2C5B828-AA97-4E0A-9448-F38BFDCC4E6E}.Debug|Any CPU.ActiveCfg = Debug|Any CPU
		{F2C5B828-AA97-4E0A-9448-F38BFDCC4E6E}.Debug|Any CPU.Build.0 = Debug|Any CPU
		{F2C5B828-AA97-4E0A-9448-F38BFDCC4E6E}.Release|Any CPU.ActiveCfg = Release|Any CPU
		{F2C5B828-AA97-4E0A-9448-F38BFDCC4E6E}.Release|Any CPU.Build.0 = Release|Any CPU
		{6950F0B3-ED02-4D96-9464-2FD3D74593EB}.Debug|Any CPU.ActiveCfg = Debug|Any CPU
		{6950F0B3-ED02-4D96-9464-2FD3D74593EB}.Debug|Any CPU.Build.0 = Debug|Any CPU
		{6950F0B3-ED02-4D96-9464-2FD3D74593EB}.Release|Any CPU.ActiveCfg = Release|Any CPU
		{6950F0B3-ED02-4D96-9464-2FD3D74593EB}.Release|Any CPU.Build.0 = Release|Any CPU
		{C770ED8F-6F5E-4DED-92C6-D5FE544DE764}.Debug|Any CPU.ActiveCfg = Debug|Any CPU
		{C770ED8F-6F5E-4DED-92C6-D5FE544DE764}.Debug|Any CPU.Build.0 = Debug|Any CPU
		{C770ED8F-6F5E-4DED-92C6-D5FE544DE764}.Release|Any CPU.ActiveCfg = Release|Any CPU
		{C770ED8F-6F5E-4DED-92C6-D5FE544DE764}.Release|Any CPU.Build.0 = Release|Any CPU
		{9BBFA1B4-E2B8-4C51-A67A-09FA691FCA43}.Debug|Any CPU.ActiveCfg = Debug|Any CPU
		{9BBFA1B4-E2B8-4C51-A67A-09FA691FCA43}.Debug|Any CPU.Build.0 = Debug|Any CPU
		{9BBFA1B4-E2B8-4C51-A67A-09FA691FCA43}.Release|Any CPU.ActiveCfg = Release|Any CPU
		{9BBFA1B4-E2B8-4C51-A67A-09FA691FCA43}.Release|Any CPU.Build.0 = Release|Any CPU
		{B2A4194E-728E-422D-8C0B-6A5E356DEC53}.Debug|Any CPU.ActiveCfg = Debug|Any CPU
		{B2A4194E-728E-422D-8C0B-6A5E356DEC53}.Debug|Any CPU.Build.0 = Debug|Any CPU
		{B2A4194E-728E-422D-8C0B-6A5E356DEC53}.Release|Any CPU.ActiveCfg = Release|Any CPU
		{B2A4194E-728E-422D-8C0B-6A5E356DEC53}.Release|Any CPU.Build.0 = Release|Any CPU
		{886EA72E-DD48-43B4-9765-31D75178CA07}.Debug|Any CPU.ActiveCfg = Debug|Any CPU
		{886EA72E-DD48-43B4-9765-31D75178CA07}.Debug|Any CPU.Build.0 = Debug|Any CPU
		{886EA72E-DD48-43B4-9765-31D75178CA07}.Release|Any CPU.ActiveCfg = Release|Any CPU
		{886EA72E-DD48-43B4-9765-31D75178CA07}.Release|Any CPU.Build.0 = Release|Any CPU
	EndGlobalSection
	GlobalSection(SolutionProperties) = preSolution
		HideSolutionNode = FALSE
	EndGlobalSection
	GlobalSection(NestedProjects) = preSolution
		{0DD88D04-16C9-4F3B-981C-CDC66F820DCE} = {95C26369-C869-400B-9373-1110A32BD709}
		{E8451C7E-DB84-42C6-B189-99208F9CDF94} = {95C26369-C869-400B-9373-1110A32BD709}
		{C60769C6-1096-4EB3-B493-885BA38F91BB} = {FE2F8E2D-F7A3-47AD-87F9-C888C0CB59BC}
		{F2C5B828-AA97-4E0A-9448-F38BFDCC4E6E} = {FE2F8E2D-F7A3-47AD-87F9-C888C0CB59BC}
		{6950F0B3-ED02-4D96-9464-2FD3D74593EB} = {FE2F8E2D-F7A3-47AD-87F9-C888C0CB59BC}
		{C770ED8F-6F5E-4DED-92C6-D5FE544DE764} = {357F2534-B0C3-475A-8F8D-CE9F2FE23C31}
		{9BBFA1B4-E2B8-4C51-A67A-09FA691FCA43} = {9216336C-A639-4C26-859A-1C828B3500A8}
		{B2A4194E-728E-422D-8C0B-6A5E356DEC53} = {F8D062CB-39E2-478D-A646-8606BDD9FA84}
		{886EA72E-DD48-43B4-9765-31D75178CA07} = {F8D062CB-39E2-478D-A646-8606BDD9FA84}
	EndGlobalSection
	GlobalSection(ExtensibilityGlobals) = postSolution
		SolutionGuid = {BCFBFF19-6151-41EC-BE1D-A1EFE1331FEF}
	EndGlobalSection
EndGlobal
